version: 2.0
shards:
  crystal_mpd:
    git: https://github.com/mamantoha/crystal_mpd.git
    version: 1.0.2

  matrix:
    git: https://github.com/exilor/matrix.git
    version: 0.1.0+git.commit.db74e62dcc0b65e548bf1a8eda65657310f57152

  stumpy_core:
    git: https://github.com/stumpycr/stumpy_core.git
    version: 1.9.1

  stumpy_jpeg:
    git: https://github.com/stumpycr/stumpy_jpeg.git
    version: 0.1.0+git.commit.714ad6c1f905cb503c53843cda8285f52592e2c2

  stumpy_png:
    git: https://github.com/stumpycr/stumpy_png.git
    version: 5.0.1

  uing:
    git: https://github.com/kojix2/uing.git
    version: 0.0.7

